# THIS IS AN AUTOGENERATED FILE. DO NOT EDIT THIS FILE DIRECTLY.
# yarn lockfile v1


"@types/query-string@^5.1.0":
  version "5.1.0"
  resolved "https://registry.yarnpkg.com/@types/query-string/-/query-string-5.1.0.tgz#7f40cdea49ddafa0ea4f3db35fb6c24d3bfd4dcc"

backoff@^2.4.1:
  version "2.5.0"
  resolved "https://registry.yarnpkg.com/backoff/-/backoff-2.5.0.tgz#f616eda9d3e4b66b8ca7fca79f695722c5f8e26f"
  dependencies:
    precond "0.2"

decode-uri-component@^0.2.0:
  version "0.2.0"
  resolved "https://registry.yarnpkg.com/decode-uri-component/-/decode-uri-component-0.2.0.tgz#eb3913333458775cb84cd1a1fae062106bb87545"

eventemitter3@^3.0.1:
  version "3.0.1"
  resolved "https://registry.yarnpkg.com/eventemitter3/-/eventemitter3-3.0.1.tgz#4ce66c3fc5b5a6b9f2245e359e1938f1ab10f960"

precond@0.2:
  version "0.2.3"
  resolved "https://registry.yarnpkg.com/precond/-/precond-0.2.3.tgz#aa9591bcaa24923f1e0f4849d240f47efc1075ac"

query-string@^6.0.0:
  version "6.0.0"
  resolved "https://registry.yarnpkg.com/query-string/-/query-string-6.0.0.tgz#8b8f39447b73e8290d6f5e3581779218e9171142"
  dependencies:
    decode-uri-component "^0.2.0"
    strict-uri-encode "^2.0.0"

strict-uri-encode@^2.0.0:
  version "2.0.0"
  resolved "https://registry.yarnpkg.com/strict-uri-encode/-/strict-uri-encode-2.0.0.tgz#b9c7330c7042862f6b142dc274bbcc5866ce3546"

typescript@^2.8.1:
  version "2.8.1"
  resolved "https://registry.yarnpkg.com/typescript/-/typescript-2.8.1.tgz#6160e4f8f195d5ba81d4876f9c0cc1fbc0820624"

websocket.js@^0.1.12:
  version "0.1.12"
  resolved "https://registry.yarnpkg.com/websocket.js/-/websocket.js-0.1.12.tgz#46c980787c57ebc8edcf44a0263e5d639367b85b"
  dependencies:
    backoff "^2.4.1"
